PODS:
  - Flutter (1.0.0)
  - flutter_baidutts (0.0.1):
    - Flutter

DEPENDENCIES:
  - Flutter (from `Flutter`)
  - flutter_baidutts (from `.symlinks/plugins/flutter_baidutts/ios`)

EXTERNAL SOURCES:
  Flutter:
    :path: Flutter
  flutter_baidutts:
    :path: ".symlinks/plugins/flutter_baidutts/ios"

SPEC CHECKSUMS:
  Flutter: 0e3d915762c693b495b44d77113d4970485de6ec
  flutter_baidutts: 8e6371c7318182e208c35616d5cda0207984acc8

PODFILE CHECKSUM: 1b66dae606f75376c5f2135a8290850eeb09ae83

COCOAPODS: 1.9.0
